
Microsoft Visual Studio Solution File, Format Version 12.00
# Visual Studio Version 17
VisualStudioVersion = 17.14.36127.28 d17.14
MinimumVisualStudioVersion = 10.0.40219.1
Project("{FAE04EC0-301F-11D3-BF4B-00C04F79EFBC}") = "TakeHomeChallenge", "TakeHomeChallenge\TakeHomeChallenge.csproj", "{D04CFDF0-531A-415A-9FEA-5D7584293DEE}"
EndProject
Global
	GlobalSection(SolutionConfigurationPlatforms) = preSolution
		Debug|Any CPU = Debug|Any CPU
		Release|Any CPU = Release|Any CPU
	EndGlobalSection
	GlobalSection(ProjectConfigurationPlatforms) = postSolution
		{D04CFDF0-531A-415A-9FEA-5D7584293DEE}.Debug|Any CPU.ActiveCfg = Debug|Any CPU
		{D04CFDF0-531A-415A-9FEA-5D7584293DEE}.Debug|Any CPU.Build.0 = Debug|Any CPU
		{D04CFDF0-531A-415A-9FEA-5D7584293DEE}.Release|Any CPU.ActiveCfg = Release|Any CPU
		{D04CFDF0-531A-415A-9FEA-5D7584293DEE}.Release|Any CPU.Build.0 = Release|Any CPU
	EndGlobalSection
	GlobalSection(SolutionProperties) = preSolution
		HideSolutionNode = FALSE
	EndGlobalSection
	GlobalSection(ExtensibilityGlobals) = postSolution
		SolutionGuid = {27F637D0-BF90-49DC-A841-473FA0DB1050}
	EndGlobalSection
EndGlobal
